
Microsoft Visual Studio Solution File, Format Version 12.00
# Visual Studio Version 16
VisualStudioVersion = 16.0.30204.135
MinimumVisualStudioVersion = 10.0.40219.1
Project("{FAE04EC0-301F-11D3-BF4B-00C04F79EFBC}") = "bender", "bender\bender.csproj", "{E6969329-0075-49F3-9871-381668D4F5C7}"
EndProject
Global
	GlobalSection(SolutionConfigurationPlatforms) = preSolution
		Debug|Any CPU = Debug|Any CPU
		Release|Any CPU = Release|Any CPU
	EndGlobalSection
	GlobalSection(ProjectConfigurationPlatforms) = postSolution
		{E6969329-0075-49F3-9871-381668D4F5C7}.Debug|Any CPU.ActiveCfg = Debug|Any CPU
		{E6969329-0075-49F3-9871-381668D4F5C7}.Debug|Any CPU.Build.0 = Debug|Any CPU
		{E6969329-0075-49F3-9871-381668D4F5C7}.Release|Any CPU.ActiveCfg = Release|Any CPU
		{E6969329-0075-49F3-9871-381668D4F5C7}.Release|Any CPU.Build.0 = Release|Any CPU
	EndGlobalSection
	GlobalSection(SolutionProperties) = preSolution
		HideSolutionNode = FALSE
	EndGlobalSection
	GlobalSection(ExtensibilityGlobals) = postSolution
		SolutionGuid = {23FBA565-ABDD-46CB-A360-C7343C430F76}
	EndGlobalSection
EndGlobal
