
Microsoft Visual Studio Solution File, Format Version 12.00
# Visual Studio Version 16
VisualStudioVersion = 16.0.30204.135
MinimumVisualStudioVersion = 10.0.40219.1
Project("{FAE04EC0-301F-11D3-BF4B-00C04F79EFBC}") = "ProyectoUno", "ProyectoUno\ProyectoUno.csproj", "{316F5FC0-7443-44D9-A646-33AB03E5701A}"
EndProject
Global
	GlobalSection(SolutionConfigurationPlatforms) = preSolution
		Debug|Any CPU = Debug|Any CPU
		Release|Any CPU = Release|Any CPU
	EndGlobalSection
	GlobalSection(ProjectConfigurationPlatforms) = postSolution
		{316F5FC0-7443-44D9-A646-33AB03E5701A}.Debug|Any CPU.ActiveCfg = Debug|Any CPU
		{316F5FC0-7443-44D9-A646-33AB03E5701A}.Debug|Any CPU.Build.0 = Debug|Any CPU
		{316F5FC0-7443-44D9-A646-33AB03E5701A}.Release|Any CPU.ActiveCfg = Release|Any CPU
		{316F5FC0-7443-44D9-A646-33AB03E5701A}.Release|Any CPU.Build.0 = Release|Any CPU
	EndGlobalSection
	GlobalSection(SolutionProperties) = preSolution
		HideSolutionNode = FALSE
	EndGlobalSection
	GlobalSection(ExtensibilityGlobals) = postSolution
		SolutionGuid = {6A6D714E-45DA-4996-898E-28F825457DC3}
	EndGlobalSection
EndGlobal
